
Microsoft Visual Studio Solution File, Format Version 12.00
# Visual Studio Version 17
VisualStudioVersion = 17.0.31912.275
MinimumVisualStudioVersion = 10.0.40219.1
Project("{FAE04EC0-301F-11D3-BF4B-00C04F79EFBC}") = "GameStore", "GameStore.csproj", "{8C654CE7-A34B-419A-846C-4A6DDEDC8ACB}"
EndProject
Global
	GlobalSection(SolutionConfigurationPlatforms) = preSolution
		Debug|Any CPU = Debug|Any CPU
		Release|Any CPU = Release|Any CPU
	EndGlobalSection
	GlobalSection(ProjectConfigurationPlatforms) = postSolution
		{8C654CE7-A34B-419A-846C-4A6DDEDC8ACB}.Debug|Any CPU.ActiveCfg = Debug|Any CPU
		{8C654CE7-A34B-419A-846C-4A6DDEDC8ACB}.Debug|Any CPU.Build.0 = Debug|Any CPU
		{8C654CE7-A34B-419A-846C-4A6DDEDC8ACB}.Release|Any CPU.ActiveCfg = Release|Any CPU
		{8C654CE7-A34B-419A-846C-4A6DDEDC8ACB}.Release|Any CPU.Build.0 = Release|Any CPU
	EndGlobalSection
	GlobalSection(SolutionProperties) = preSolution
		HideSolutionNode = FALSE
	EndGlobalSection
	GlobalSection(ExtensibilityGlobals) = postSolution
		SolutionGuid = {0E905A8B-1590-491F-AE7C-973A290B3311}
	EndGlobalSection
EndGlobal
